{
  "name": "prismic",
  "lockfileVersion": 2,
  "requires": true,
  "packages": {
    "": {
      "devDependencies": {
        "prismic-dom": "^2.2.5",
        "prismic-javascript": "^3.0.2"
      }
    },
    "node_modules/@prismicio/helpers": {
      "version": "1.0.5",
      "resolved": "https://registry.npmjs.org/@prismicio/helpers/-/helpers-1.0.5.tgz",
      "integrity": "sha512-TPpuAFHNxlCTrEihHnRKcq6zc0oZV0sfz5/iHoSpl5vorwPbwZWiF88JGeflNdefW4A69b5A3x3mfptKPdpoxg==",
      "dev": true
    },
    "node_modules/@prismicio/richtext": {
      "version": "1.1.0",
      "resolved": "https://registry.npmjs.org/@prismicio/richtext/-/richtext-1.1.0.tgz",
      "integrity": "sha512-925JuFiZiIkwu9jmlR9O/U8xCSZk/Y6BQDXKpavoVsKo+n90ml1hGdtWkglIupX+ITQO1ZINyDgUgiY1oG9dsA==",
      "dev": true
    },
    "node_modules/cross-fetch": {
      "version": "3.1.4",
      "resolved": "https://registry.npmjs.org/cross-fetch/-/cross-fetch-3.1.4.tgz",
      "integrity": "sha512-1eAtFWdIubi6T4XPy6ei9iUFoKpUkIF971QLN8lIvvvwueI65+Nw5haMNKUwfJxabqlIIDODJKGrQ66gxC0PbQ==",
      "dev": true,
      "dependencies": {
        "node-fetch": "2.6.1"
      }
    },
    "node_modules/escape-html": {
      "version": "1.0.3",
      "resolved": "https://registry.npmjs.org/escape-html/-/escape-html-1.0.3.tgz",
      "integrity": "sha1-Aljq5NPQwJdN4cFpGI7wBR0dGYg=",
      "dev": true
    },
    "node_modules/node-fetch": {
      "version": "2.6.1",
      "resolved": "https://registry.npmjs.org/node-fetch/-/node-fetch-2.6.1.tgz",
      "integrity": "sha512-V4aYg89jEoVRxRb2fJdAg8FHvI7cEyYdVAh94HH0UIK8oJxUfkjlDQN9RbMx+bEjP7+ggMiFRprSti032Oipxw==",
      "dev": true,
      "engines": {
        "node": "4.x || >=6.0.0"
      }
    },
    "node_modules/prismic-dom": {
      "version": "2.2.5",
      "resolved": "https://registry.npmjs.org/prismic-dom/-/prismic-dom-2.2.5.tgz",
      "integrity": "sha512-GafsY6sGet5EAWNG2w/qXaxgitU74yhEu/0vZEnwOt6PJgCClLmMkDzJHBpdl+wuEWqUhvkFMDUFPHSPwSVmKQ==",
      "dev": true,
      "dependencies": {
        "@prismicio/helpers": "^1.0.4",
        "@prismicio/richtext": "^1.1.0",
        "escape-html": "1.0.3"
      }
    },
    "node_modules/prismic-javascript": {
      "version": "3.0.2",
      "resolved": "https://registry.npmjs.org/prismic-javascript/-/prismic-javascript-3.0.2.tgz",
      "integrity": "sha512-9RpituEVE/eZAlj+vUVy61z2IQJdL0zRYuy+IHdiUA7/37zoiCE/Z0AbI0zAWyi5UDXizgQ2TuQTLkOm62KGwA==",
      "deprecated": "prismic-javascript has moved to @prismicio/client! No worries, you're safe to stay on prismic-javascript but it will no longer receive updates nor fixes (excluding security ones). Upgrading to @prismicio/client should be seamless for most users, if any doubt check out the changelog: https://github.com/prismicio/prismic-javascript/releases or reach out to us on our community forum: https://community.prismic.io",
      "dev": true,
      "dependencies": {
        "cross-fetch": "^3.0.5"
      }
    }
  },
  "dependencies": {
    "@prismicio/helpers": {
      "version": "1.0.5",
      "resolved": "https://registry.npmjs.org/@prismicio/helpers/-/helpers-1.0.5.tgz",
      "integrity": "sha512-TPpuAFHNxlCTrEihHnRKcq6zc0oZV0sfz5/iHoSpl5vorwPbwZWiF88JGeflNdefW4A69b5A3x3mfptKPdpoxg==",
      "dev": true
    },
    "@prismicio/richtext": {
      "version": "1.1.0",
      "resolved": "https://registry.npmjs.org/@prismicio/richtext/-/richtext-1.1.0.tgz",
      "integrity": "sha512-925JuFiZiIkwu9jmlR9O/U8xCSZk/Y6BQDXKpavoVsKo+n90ml1hGdtWkglIupX+ITQO1ZINyDgUgiY1oG9dsA==",
      "dev": true
    },
    "cross-fetch": {
      "version": "3.1.4",
      "resolved": "https://registry.npmjs.org/cross-fetch/-/cross-fetch-3.1.4.tgz",
      "integrity": "sha512-1eAtFWdIubi6T4XPy6ei9iUFoKpUkIF971QLN8lIvvvwueI65+Nw5haMNKUwfJxabqlIIDODJKGrQ66gxC0PbQ==",
      "dev": true,
      "requires": {
        "node-fetch": "2.6.1"
      }
    },
    "escape-html": {
      "version": "1.0.3",
      "resolved": "https://registry.npmjs.org/escape-html/-/escape-html-1.0.3.tgz",
      "integrity": "sha1-Aljq5NPQwJdN4cFpGI7wBR0dGYg=",
      "dev": true
    },
    "node-fetch": {
      "version": "2.6.1",
      "resolved": "https://registry.npmjs.org/node-fetch/-/node-fetch-2.6.1.tgz",
      "integrity": "sha512-V4aYg89jEoVRxRb2fJdAg8FHvI7cEyYdVAh94HH0UIK8oJxUfkjlDQN9RbMx+bEjP7+ggMiFRprSti032Oipxw==",
      "dev": true
    },
    "prismic-dom": {
      "version": "2.2.5",
      "resolved": "https://registry.npmjs.org/prismic-dom/-/prismic-dom-2.2.5.tgz",
      "integrity": "sha512-GafsY6sGet5EAWNG2w/qXaxgitU74yhEu/0vZEnwOt6PJgCClLmMkDzJHBpdl+wuEWqUhvkFMDUFPHSPwSVmKQ==",
      "dev": true,
      "requires": {
        "@prismicio/helpers": "^1.0.4",
        "@prismicio/richtext": "^1.1.0",
        "escape-html": "1.0.3"
      }
    },
    "prismic-javascript": {
      "version": "3.0.2",
      "resolved": "https://registry.npmjs.org/prismic-javascript/-/prismic-javascript-3.0.2.tgz",
      "integrity": "sha512-9RpituEVE/eZAlj+vUVy61z2IQJdL0zRYuy+IHdiUA7/37zoiCE/Z0AbI0zAWyi5UDXizgQ2TuQTLkOm62KGwA==",
      "dev": true,
      "requires": {
        "cross-fetch": "^3.0.5"
      }
    }
  }
}
